
Microsoft Visual Studio Solution File, Format Version 12.00
Project("{FAE04EC0-301F-11D3-BF4B-00C04F79EFBC}") = "BitConverter.Core", "BitConverter.Core\BitConverter.Core.csproj", "{D9DF34B5-4686-4C70-9A7F-452CD4784B31}"
EndProject
Project("{FAE04EC0-301F-11D3-BF4B-00C04F79EFBC}") = "BitConverter.Tests", "BitConverter.Tests\BitConverter.Tests.csproj", "{EE7C263A-E05D-4E74-BA18-009CF47392E2}"
EndProject
Project("{FAE04EC0-301F-11D3-BF4B-00C04F79EFBC}") = "BitConverter.UI", "BitConverter.UI\BitConverter.UI.csproj", "{BF32D1B9-BAAA-4A4D-A6ED-55E1FAFB6C9E}"
EndProject
Global
	GlobalSection(SolutionConfigurationPlatforms) = preSolution
		Debug|Any CPU = Debug|Any CPU
		Release|Any CPU = Release|Any CPU
	EndGlobalSection
	GlobalSection(ProjectConfigurationPlatforms) = postSolution
		{D9DF34B5-4686-4C70-9A7F-452CD4784B31}.Debug|Any CPU.ActiveCfg = Debug|Any CPU
		{D9DF34B5-4686-4C70-9A7F-452CD4784B31}.Debug|Any CPU.Build.0 = Debug|Any CPU
		{D9DF34B5-4686-4C70-9A7F-452CD4784B31}.Release|Any CPU.ActiveCfg = Release|Any CPU
		{D9DF34B5-4686-4C70-9A7F-452CD4784B31}.Release|Any CPU.Build.0 = Release|Any CPU
		{EE7C263A-E05D-4E74-BA18-009CF47392E2}.Debug|Any CPU.ActiveCfg = Debug|Any CPU
		{EE7C263A-E05D-4E74-BA18-009CF47392E2}.Debug|Any CPU.Build.0 = Debug|Any CPU
		{EE7C263A-E05D-4E74-BA18-009CF47392E2}.Release|Any CPU.ActiveCfg = Release|Any CPU
		{EE7C263A-E05D-4E74-BA18-009CF47392E2}.Release|Any CPU.Build.0 = Release|Any CPU
		{BF32D1B9-BAAA-4A4D-A6ED-55E1FAFB6C9E}.Debug|Any CPU.ActiveCfg = Debug|Any CPU
		{BF32D1B9-BAAA-4A4D-A6ED-55E1FAFB6C9E}.Debug|Any CPU.Build.0 = Debug|Any CPU
		{BF32D1B9-BAAA-4A4D-A6ED-55E1FAFB6C9E}.Release|Any CPU.ActiveCfg = Release|Any CPU
		{BF32D1B9-BAAA-4A4D-A6ED-55E1FAFB6C9E}.Release|Any CPU.Build.0 = Release|Any CPU
	EndGlobalSection
EndGlobal
